
Microsoft Visual Studio Solution File, Format Version 12.00
# Visual Studio 15
VisualStudioVersion = 15.0.27703.2018
MinimumVisualStudioVersion = 10.0.40219.1
Project("{FAE04EC0-301F-11D3-BF4B-00C04F79EFBC}") = "trashcollector", "trashcollector\trashcollector.csproj", "{0921659F-1298-4C46-AAAC-21032091CA8A}"
EndProject
Project("{FAE04EC0-301F-11D3-BF4B-00C04F79EFBC}") = "trashcollector.Tests", "trashcollector.Tests\trashcollector.Tests.csproj", "{33AB06D0-5D88-4D27-9A5A-F3C941B1DD15}"
EndProject
Global
	GlobalSection(SolutionConfigurationPlatforms) = preSolution
		Debug|Any CPU = Debug|Any CPU
		Release|Any CPU = Release|Any CPU
	EndGlobalSection
	GlobalSection(ProjectConfigurationPlatforms) = postSolution
		{0921659F-1298-4C46-AAAC-21032091CA8A}.Debug|Any CPU.ActiveCfg = Debug|Any CPU
		{0921659F-1298-4C46-AAAC-21032091CA8A}.Debug|Any CPU.Build.0 = Debug|Any CPU
		{0921659F-1298-4C46-AAAC-21032091CA8A}.Release|Any CPU.ActiveCfg = Release|Any CPU
		{0921659F-1298-4C46-AAAC-21032091CA8A}.Release|Any CPU.Build.0 = Release|Any CPU
		{33AB06D0-5D88-4D27-9A5A-F3C941B1DD15}.Debug|Any CPU.ActiveCfg = Debug|Any CPU
		{33AB06D0-5D88-4D27-9A5A-F3C941B1DD15}.Debug|Any CPU.Build.0 = Debug|Any CPU
		{33AB06D0-5D88-4D27-9A5A-F3C941B1DD15}.Release|Any CPU.ActiveCfg = Release|Any CPU
		{33AB06D0-5D88-4D27-9A5A-F3C941B1DD15}.Release|Any CPU.Build.0 = Release|Any CPU
	EndGlobalSection
	GlobalSection(SolutionProperties) = preSolution
		HideSolutionNode = FALSE
	EndGlobalSection
	GlobalSection(ExtensibilityGlobals) = postSolution
		SolutionGuid = {AE367B23-C68F-4C25-A5B7-967EFEC38693}
	EndGlobalSection
EndGlobal
